
Microsoft Visual Studio Solution File, Format Version 12.00
# Visual Studio Version 16
VisualStudioVersion = 16.0.28803.352
MinimumVisualStudioVersion = 10.0.40219.1
Project("{FAE04EC0-301F-11D3-BF4B-00C04F79EFBC}") = "BMI Calculator", "BMI Calculator.csproj", "{F7EAB0D3-BD88-4E81-8A7D-DDF804981909}"
EndProject
Global
	GlobalSection(SolutionConfigurationPlatforms) = preSolution
		Debug|Any CPU = Debug|Any CPU
		Release|Any CPU = Release|Any CPU
	EndGlobalSection
	GlobalSection(ProjectConfigurationPlatforms) = postSolution
		{F7EAB0D3-BD88-4E81-8A7D-DDF804981909}.Debug|Any CPU.ActiveCfg = Debug|Any CPU
		{F7EAB0D3-BD88-4E81-8A7D-DDF804981909}.Debug|Any CPU.Build.0 = Debug|Any CPU
		{F7EAB0D3-BD88-4E81-8A7D-DDF804981909}.Release|Any CPU.ActiveCfg = Release|Any CPU
		{F7EAB0D3-BD88-4E81-8A7D-DDF804981909}.Release|Any CPU.Build.0 = Release|Any CPU
	EndGlobalSection
	GlobalSection(SolutionProperties) = preSolution
		HideSolutionNode = FALSE
	EndGlobalSection
	GlobalSection(ExtensibilityGlobals) = postSolution
		SolutionGuid = {ADD9E7DA-3A05-421D-8AD4-B5C12870E68B}
	EndGlobalSection
EndGlobal
